
Microsoft Visual Studio Solution File, Format Version 12.00
# Visual Studio 15
VisualStudioVersion = 15.0.28307.1022
MinimumVisualStudioVersion = 10.0.40219.1
Project("{FAE04EC0-301F-11D3-BF4B-00C04F79EFBC}") = "Time_Date", "Time_Date\Time_Date.csproj", "{3D88B0ED-A7F0-44C0-9BE6-ADD986A8F363}"
EndProject
Global
	GlobalSection(SolutionConfigurationPlatforms) = preSolution
		Debug|Any CPU = Debug|Any CPU
		Release|Any CPU = Release|Any CPU
	EndGlobalSection
	GlobalSection(ProjectConfigurationPlatforms) = postSolution
		{3D88B0ED-A7F0-44C0-9BE6-ADD986A8F363}.Debug|Any CPU.ActiveCfg = Debug|Any CPU
		{3D88B0ED-A7F0-44C0-9BE6-ADD986A8F363}.Debug|Any CPU.Build.0 = Debug|Any CPU
		{3D88B0ED-A7F0-44C0-9BE6-ADD986A8F363}.Release|Any CPU.ActiveCfg = Release|Any CPU
		{3D88B0ED-A7F0-44C0-9BE6-ADD986A8F363}.Release|Any CPU.Build.0 = Release|Any CPU
	EndGlobalSection
	GlobalSection(SolutionProperties) = preSolution
		HideSolutionNode = FALSE
	EndGlobalSection
	GlobalSection(ExtensibilityGlobals) = postSolution
		SolutionGuid = {55D525AE-C76F-447A-8926-B04B0E3B6AEB}
	EndGlobalSection
EndGlobal
