
Microsoft Visual Studio Solution File, Format Version 12.00
# Visual Studio Version 17
VisualStudioVersion = 17.4.33213.308
MinimumVisualStudioVersion = 10.0.40219.1
Project("{FAE04EC0-301F-11D3-BF4B-00C04F79EFBC}") = "SegundoProjeto", "SegundoProjeto.csproj", "{55A41A1A-DB90-4B0D-BD07-447A828A775C}"
EndProject
Global
	GlobalSection(SolutionConfigurationPlatforms) = preSolution
		Debug|Any CPU = Debug|Any CPU
		Release|Any CPU = Release|Any CPU
	EndGlobalSection
	GlobalSection(ProjectConfigurationPlatforms) = postSolution
		{55A41A1A-DB90-4B0D-BD07-447A828A775C}.Debug|Any CPU.ActiveCfg = Debug|Any CPU
		{55A41A1A-DB90-4B0D-BD07-447A828A775C}.Debug|Any CPU.Build.0 = Debug|Any CPU
		{55A41A1A-DB90-4B0D-BD07-447A828A775C}.Release|Any CPU.ActiveCfg = Release|Any CPU
		{55A41A1A-DB90-4B0D-BD07-447A828A775C}.Release|Any CPU.Build.0 = Release|Any CPU
	EndGlobalSection
	GlobalSection(SolutionProperties) = preSolution
		HideSolutionNode = FALSE
	EndGlobalSection
	GlobalSection(ExtensibilityGlobals) = postSolution
		SolutionGuid = {EF945AB9-DAC5-45AA-AAC0-BBB70E6069DA}
	EndGlobalSection
EndGlobal
