
Microsoft Visual Studio Solution File, Format Version 12.00
# Visual Studio Version 17
VisualStudioVersion = 17.4.33213.308
MinimumVisualStudioVersion = 10.0.40219.1
Project("{FAE04EC0-301F-11D3-BF4B-00C04F79EFBC}") = "FiguraGeometricaProtected", "FiguraGeometrica2\FiguraGeometricaProtected.csproj", "{5EAC0F2E-8388-47B3-8E85-64E63E9D46A0}"
EndProject
Global
	GlobalSection(SolutionConfigurationPlatforms) = preSolution
		Debug|Any CPU = Debug|Any CPU
		Release|Any CPU = Release|Any CPU
	EndGlobalSection
	GlobalSection(ProjectConfigurationPlatforms) = postSolution
		{5EAC0F2E-8388-47B3-8E85-64E63E9D46A0}.Debug|Any CPU.ActiveCfg = Debug|Any CPU
		{5EAC0F2E-8388-47B3-8E85-64E63E9D46A0}.Debug|Any CPU.Build.0 = Debug|Any CPU
		{5EAC0F2E-8388-47B3-8E85-64E63E9D46A0}.Release|Any CPU.ActiveCfg = Release|Any CPU
		{5EAC0F2E-8388-47B3-8E85-64E63E9D46A0}.Release|Any CPU.Build.0 = Release|Any CPU
	EndGlobalSection
	GlobalSection(SolutionProperties) = preSolution
		HideSolutionNode = FALSE
	EndGlobalSection
	GlobalSection(ExtensibilityGlobals) = postSolution
		SolutionGuid = {691805DA-29C8-42A1-875B-D2BCE15739B5}
	EndGlobalSection
EndGlobal
